
Microsoft Visual Studio Solution File, Format Version 12.00
# Visual Studio Version 16
VisualStudioVersion = 16.0.28922.388
MinimumVisualStudioVersion = 10.0.40219.1
Project("{9A19103F-16F7-4668-BE54-9A1E7A4F7556}") = "web_store", "web_store\web_store.csproj", "{76D92E2B-2684-45C6-B785-EBEF7D1F9AB7}"
EndProject
Global
	GlobalSection(SolutionConfigurationPlatforms) = preSolution
		Debug|Any CPU = Debug|Any CPU
		Release|Any CPU = Release|Any CPU
	EndGlobalSection
	GlobalSection(ProjectConfigurationPlatforms) = postSolution
		{76D92E2B-2684-45C6-B785-EBEF7D1F9AB7}.Debug|Any CPU.ActiveCfg = Debug|Any CPU
		{76D92E2B-2684-45C6-B785-EBEF7D1F9AB7}.Debug|Any CPU.Build.0 = Debug|Any CPU
		{76D92E2B-2684-45C6-B785-EBEF7D1F9AB7}.Release|Any CPU.ActiveCfg = Release|Any CPU
		{76D92E2B-2684-45C6-B785-EBEF7D1F9AB7}.Release|Any CPU.Build.0 = Release|Any CPU
	EndGlobalSection
	GlobalSection(SolutionProperties) = preSolution
		HideSolutionNode = FALSE
	EndGlobalSection
	GlobalSection(ExtensibilityGlobals) = postSolution
		SolutionGuid = {B3403B53-8E65-46A2-B59C-2E0E09629D91}
	EndGlobalSection
EndGlobal
